
Microsoft Visual Studio Solution File, Format Version 11.00
# Visual Studio 2010
Project("{FAE04EC0-301F-11D3-BF4B-00C04F79EFBC}") = "Assembly-CSharp", "Assembly-CSharp.csproj", "{4CB39E7F-7E11-4854-C115-D27300103E00}"
EndProject
Project("{FAE04EC0-301F-11D3-BF4B-00C04F79EFBC}") = "MyBox", "MyBox.csproj", "{13E59704-53B7-A017-24BD-ACD984F1689E}"
EndProject
Project("{FAE04EC0-301F-11D3-BF4B-00C04F79EFBC}") = "AllIn1SpriteShaderAssembly", "AllIn1SpriteShaderAssembly.csproj", "{11C727B3-6E51-B84F-BF52-6CCB09B76A90}"
EndProject
Project("{FAE04EC0-301F-11D3-BF4B-00C04F79EFBC}") = "Assembly-CSharp-Editor", "Assembly-CSharp-Editor.csproj", "{3791FBC8-F023-5EFB-2290-0FC4DE01C620}"
EndProject
Global
	GlobalSection(SolutionConfigurationPlatforms) = preSolution
		Debug|Any CPU = Debug|Any CPU
		Release|Any CPU = Release|Any CPU
	EndGlobalSection
	GlobalSection(ProjectConfigurationPlatforms) = postSolution
		{4CB39E7F-7E11-4854-C115-D27300103E00}.Debug|Any CPU.ActiveCfg = Debug|Any CPU
		{4CB39E7F-7E11-4854-C115-D27300103E00}.Debug|Any CPU.Build.0 = Debug|Any CPU
		{4CB39E7F-7E11-4854-C115-D27300103E00}.Release|Any CPU.ActiveCfg = Release|Any CPU
		{4CB39E7F-7E11-4854-C115-D27300103E00}.Release|Any CPU.Build.0 = Release|Any CPU
		{13E59704-53B7-A017-24BD-ACD984F1689E}.Debug|Any CPU.ActiveCfg = Debug|Any CPU
		{13E59704-53B7-A017-24BD-ACD984F1689E}.Debug|Any CPU.Build.0 = Debug|Any CPU
		{13E59704-53B7-A017-24BD-ACD984F1689E}.Release|Any CPU.ActiveCfg = Release|Any CPU
		{13E59704-53B7-A017-24BD-ACD984F1689E}.Release|Any CPU.Build.0 = Release|Any CPU
		{11C727B3-6E51-B84F-BF52-6CCB09B76A90}.Debug|Any CPU.ActiveCfg = Debug|Any CPU
		{11C727B3-6E51-B84F-BF52-6CCB09B76A90}.Debug|Any CPU.Build.0 = Debug|Any CPU
		{11C727B3-6E51-B84F-BF52-6CCB09B76A90}.Release|Any CPU.ActiveCfg = Release|Any CPU
		{11C727B3-6E51-B84F-BF52-6CCB09B76A90}.Release|Any CPU.Build.0 = Release|Any CPU
		{3791FBC8-F023-5EFB-2290-0FC4DE01C620}.Debug|Any CPU.ActiveCfg = Debug|Any CPU
		{3791FBC8-F023-5EFB-2290-0FC4DE01C620}.Debug|Any CPU.Build.0 = Debug|Any CPU
		{3791FBC8-F023-5EFB-2290-0FC4DE01C620}.Release|Any CPU.ActiveCfg = Release|Any CPU
		{3791FBC8-F023-5EFB-2290-0FC4DE01C620}.Release|Any CPU.Build.0 = Release|Any CPU
	EndGlobalSection
	GlobalSection(SolutionProperties) = preSolution
		HideSolutionNode = FALSE
	EndGlobalSection
EndGlobal
