
Microsoft Visual Studio Solution File, Format Version 12.00
# Visual Studio 15
Project("{FAE04EC0-301F-11D3-BF4B-00C04F79EFBC}") = "UnityEngine.UI", "UnityEngine.UI.csproj", "{30406069-88EF-7842-8959-34DBB4CC772A}"
EndProject
Project("{FAE04EC0-301F-11D3-BF4B-00C04F79EFBC}") = "Unity.RenderPipelines.Core.Runtime", "Unity.RenderPipelines.Core.Runtime.csproj", "{7F4ACBAE-41A3-B8D1-04D5-2B5FA831816F}"
EndProject
Project("{FAE04EC0-301F-11D3-BF4B-00C04F79EFBC}") = "UnityEngine.TestRunner", "UnityEngine.TestRunner.csproj", "{5705B828-731C-2964-2EEB-E1763404B723}"
EndProject
Project("{FAE04EC0-301F-11D3-BF4B-00C04F79EFBC}") = "Unity.Mathematics", "Unity.Mathematics.csproj", "{CB4686AE-ED70-1684-FD3E-00245B7B5984}"
EndProject
Project("{FAE04EC0-301F-11D3-BF4B-00C04F79EFBC}") = "Unity.RenderPipelines.Universal.Runtime", "Unity.RenderPipelines.Universal.Runtime.csproj", "{32D32A36-4C34-2D1A-B131-C51170F693AA}"
EndProject
Project("{FAE04EC0-301F-11D3-BF4B-00C04F79EFBC}") = "Assembly-CSharp", "Assembly-CSharp.csproj", "{4CB39E7F-7E11-4854-C115-D27300103E00}"
EndProject
Project("{FAE04EC0-301F-11D3-BF4B-00C04F79EFBC}") = "MyBox", "MyBox.csproj", "{13E59704-53B7-A017-24BD-ACD984F1689E}"
EndProject
Project("{FAE04EC0-301F-11D3-BF4B-00C04F79EFBC}") = "Unity.2D.Animation.Runtime", "Unity.2D.Animation.Runtime.csproj", "{D30B1BFE-56A5-447A-D5FF-9E6236A0009A}"
EndProject
Project("{FAE04EC0-301F-11D3-BF4B-00C04F79EFBC}") = "Unity.TextMeshPro", "Unity.TextMeshPro.csproj", "{6C9A63FB-BCAD-4D33-57AB-FCA765B60FD9}"
EndProject
Project("{FAE04EC0-301F-11D3-BF4B-00C04F79EFBC}") = "Unity.ProBuilder.Poly2Tri", "Unity.ProBuilder.Poly2Tri.csproj", "{AA04EEC5-6E1A-9464-F044-706FCFD2A297}"
EndProject
Project("{FAE04EC0-301F-11D3-BF4B-00C04F79EFBC}") = "Unity.Timeline", "Unity.Timeline.csproj", "{234318FD-EBDF-2F60-5A6D-5AEDA459E77C}"
EndProject
Project("{FAE04EC0-301F-11D3-BF4B-00C04F79EFBC}") = "Unity.ProBuilder", "Unity.ProBuilder.csproj", "{3E44EDF2-AA77-F3E7-AF53-967BB308EC28}"
EndProject
Project("{FAE04EC0-301F-11D3-BF4B-00C04F79EFBC}") = "AllIn1SpriteShaderAssembly", "AllIn1SpriteShaderAssembly.csproj", "{11C727B3-6E51-B84F-BF52-6CCB09B76A90}"
EndProject
Project("{FAE04EC0-301F-11D3-BF4B-00C04F79EFBC}") = "Unity.2D.SpriteShape.Runtime", "Unity.2D.SpriteShape.Runtime.csproj", "{540C4DBB-3C3C-ACE3-574A-7BA7AE840C1A}"
EndProject
Project("{FAE04EC0-301F-11D3-BF4B-00C04F79EFBC}") = "Unity.2D.Animation.Triangle.Runtime", "Unity.2D.Animation.Triangle.Runtime.csproj", "{CC753F8D-574C-FE32-773D-6D1EDDB91338}"
EndProject
Project("{FAE04EC0-301F-11D3-BF4B-00C04F79EFBC}") = "Unity.ProBuilder.Csg", "Unity.ProBuilder.Csg.csproj", "{3AC46EE5-176E-C0D9-5ACC-F086D1228FCA}"
EndProject
Project("{FAE04EC0-301F-11D3-BF4B-00C04F79EFBC}") = "Unity.2D.PixelPerfect", "Unity.2D.PixelPerfect.csproj", "{871537B3-238F-CA9F-C960-A945C5CB8B9C}"
EndProject
Project("{FAE04EC0-301F-11D3-BF4B-00C04F79EFBC}") = "Unity.2D.IK.Runtime", "Unity.2D.IK.Runtime.csproj", "{60469C48-5FA7-CC33-6F14-5785D300AD79}"
EndProject
Project("{FAE04EC0-301F-11D3-BF4B-00C04F79EFBC}") = "Unity.ProBuilder.KdTree", "Unity.ProBuilder.KdTree.csproj", "{3C672B34-8E07-B8CA-5716-692C503BAF89}"
EndProject
Project("{FAE04EC0-301F-11D3-BF4B-00C04F79EFBC}") = "Unity.2D.Common.Runtime", "Unity.2D.Common.Runtime.csproj", "{28C1AD9B-0ADF-1F25-3830-86F5C66C0876}"
EndProject
Project("{FAE04EC0-301F-11D3-BF4B-00C04F79EFBC}") = "Unity Timer", "Unity Timer.csproj", "{2D0D7BE2-C6C0-A11F-2ACD-6AA714AC4E80}"
EndProject
Project("{FAE04EC0-301F-11D3-BF4B-00C04F79EFBC}") = "Unity.RenderPipelines.Core.ShaderLibrary", "Unity.RenderPipelines.Core.ShaderLibrary.csproj", "{A72FD09F-72FE-215A-937E-F1D0236706BF}"
EndProject
Project("{FAE04EC0-301F-11D3-BF4B-00C04F79EFBC}") = "Unity.InternalAPIEngineBridge.001", "Unity.InternalAPIEngineBridge.001.csproj", "{875460E1-BDF6-DE78-F93F-F39A46BF5250}"
EndProject
Project("{FAE04EC0-301F-11D3-BF4B-00C04F79EFBC}") = "Unity.RenderPipeline.Universal.ShaderLibrary", "Unity.RenderPipeline.Universal.ShaderLibrary.csproj", "{BE324C10-47AD-1874-732F-C54F8B52A823}"
EndProject
Project("{FAE04EC0-301F-11D3-BF4B-00C04F79EFBC}") = "Unity.ProBuilder.Stl", "Unity.ProBuilder.Stl.csproj", "{78D7A9FB-F467-7E33-36B4-C61DD87C2551}"
EndProject
Project("{FAE04EC0-301F-11D3-BF4B-00C04F79EFBC}") = "Unity.RenderPipelines.Universal.Shaders", "Unity.RenderPipelines.Universal.Shaders.csproj", "{840D5229-ACAC-537D-9A3B-3A4F707ED156}"
EndProject
Project("{FAE04EC0-301F-11D3-BF4B-00C04F79EFBC}") = "Unity.RenderPipelines.ShaderGraph.ShaderGraphLibrary", "Unity.RenderPipelines.ShaderGraph.ShaderGraphLibrary.csproj", "{645A3852-439D-6D1A-B37B-FCFEA0133C0E}"
EndProject
Project("{FAE04EC0-301F-11D3-BF4B-00C04F79EFBC}") = "Unity.PlasticSCM.Editor", "Unity.PlasticSCM.Editor.csproj", "{955DB9B8-E167-EEF9-8747-94C1F2E6D8B1}"
EndProject
Project("{FAE04EC0-301F-11D3-BF4B-00C04F79EFBC}") = "Unity.ShaderGraph.Editor", "Unity.ShaderGraph.Editor.csproj", "{214D2A4A-1AE3-BDC1-1ABD-42110F0B057E}"
EndProject
Project("{FAE04EC0-301F-11D3-BF4B-00C04F79EFBC}") = "Unity.VisualStudio.Editor", "Unity.VisualStudio.Editor.csproj", "{F5744BD2-EC02-EEA7-A253-55DEC5888D85}"
EndProject
Project("{FAE04EC0-301F-11D3-BF4B-00C04F79EFBC}") = "Unity.ProBuilder.Editor", "Unity.ProBuilder.Editor.csproj", "{A4E81AD1-2ED6-FEA8-1190-449DC1145262}"
EndProject
Project("{FAE04EC0-301F-11D3-BF4B-00C04F79EFBC}") = "Unity.Timeline.Editor", "Unity.Timeline.Editor.csproj", "{16E0A879-5DF1-5EB8-7AF8-C9A9E360F369}"
EndProject
Project("{FAE04EC0-301F-11D3-BF4B-00C04F79EFBC}") = "Unity.TextMeshPro.Editor", "Unity.TextMeshPro.Editor.csproj", "{8AD29D9D-7AD9-7DA5-95C5-F5091430C8A7}"
EndProject
Project("{FAE04EC0-301F-11D3-BF4B-00C04F79EFBC}") = "Unity.2D.Animation.Editor", "Unity.2D.Animation.Editor.csproj", "{6F4CA46E-C47C-B61C-8BAD-6B465C01FBC0}"
EndProject
Project("{FAE04EC0-301F-11D3-BF4B-00C04F79EFBC}") = "Unity.CollabProxy.Editor", "Unity.CollabProxy.Editor.csproj", "{A760FA87-F3D2-CFF0-C778-B0FE4421D8A4}"
EndProject
Project("{FAE04EC0-301F-11D3-BF4B-00C04F79EFBC}") = "UnityEditor.TestRunner", "UnityEditor.TestRunner.csproj", "{8F23178E-C345-9CEF-D779-A8B053B5D4A0}"
EndProject
Project("{FAE04EC0-301F-11D3-BF4B-00C04F79EFBC}") = "Unity.Rider.Editor", "Unity.Rider.Editor.csproj", "{0571582C-F609-46A9-C3E1-87E8A5E0CECE}"
EndProject
Project("{FAE04EC0-301F-11D3-BF4B-00C04F79EFBC}") = "Unity.2D.Path.Editor", "Unity.2D.Path.Editor.csproj", "{682CFB0C-EE78-3779-C1CD-31AF0179953C}"
EndProject
Project("{FAE04EC0-301F-11D3-BF4B-00C04F79EFBC}") = "Unity.RenderPipelines.Universal.Editor", "Unity.RenderPipelines.Universal.Editor.csproj", "{A2A3227D-CCBC-2C33-C64F-569FC41DAFA5}"
EndProject
Project("{FAE04EC0-301F-11D3-BF4B-00C04F79EFBC}") = "PsdPlugin", "PsdPlugin.csproj", "{9E3C0CCA-BF70-8A79-7224-D316795DAA38}"
EndProject
Project("{FAE04EC0-301F-11D3-BF4B-00C04F79EFBC}") = "Unity.RenderPipelines.Core.Editor", "Unity.RenderPipelines.Core.Editor.csproj", "{91FDF7FD-0C37-7D30-B392-3773762C77EB}"
EndProject
Project("{FAE04EC0-301F-11D3-BF4B-00C04F79EFBC}") = "Unity.2D.IK.Editor", "Unity.2D.IK.Editor.csproj", "{CEB37264-AFC6-F930-2BFE-8006DCF02E90}"
EndProject
Project("{FAE04EC0-301F-11D3-BF4B-00C04F79EFBC}") = "Unity.Searcher.Editor", "Unity.Searcher.Editor.csproj", "{6F623BFB-7DD3-74A2-8626-5C642EA9E4FA}"
EndProject
Project("{FAE04EC0-301F-11D3-BF4B-00C04F79EFBC}") = "Unity.2D.Psdimporter.Editor", "Unity.2D.Psdimporter.Editor.csproj", "{0D807668-27B6-C985-1EB4-C91E1D576EC6}"
EndProject
Project("{FAE04EC0-301F-11D3-BF4B-00C04F79EFBC}") = "Unity.2D.SpriteShape.Editor", "Unity.2D.SpriteShape.Editor.csproj", "{5132008E-81FA-3074-A7C1-43B61C3A9489}"
EndProject
Project("{FAE04EC0-301F-11D3-BF4B-00C04F79EFBC}") = "Unity.2D.Tilemap.Editor", "Unity.2D.Tilemap.Editor.csproj", "{DB2DD0AC-8CB3-A0A3-5A47-226FC1FD995F}"
EndProject
Project("{FAE04EC0-301F-11D3-BF4B-00C04F79EFBC}") = "Unity.2D.PixelPerfect.Editor", "Unity.2D.PixelPerfect.Editor.csproj", "{2BEEE1D3-0CE4-8A43-001B-5420D5414B07}"
EndProject
Project("{FAE04EC0-301F-11D3-BF4B-00C04F79EFBC}") = "Unity.VSCode.Editor", "Unity.VSCode.Editor.csproj", "{041B801A-9D2F-5594-FC22-C58DA03B5A69}"
EndProject
Project("{FAE04EC0-301F-11D3-BF4B-00C04F79EFBC}") = "Unity.ProBuilder.AssetIdRemapUtility", "Unity.ProBuilder.AssetIdRemapUtility.csproj", "{2EAA95BD-7E08-29E3-F9B7-CE812D309270}"
EndProject
Project("{FAE04EC0-301F-11D3-BF4B-00C04F79EFBC}") = "Unity.2D.Sprite.Editor", "Unity.2D.Sprite.Editor.csproj", "{37E1EEFE-6750-E6E1-5339-E7FAE0291A1D}"
EndProject
Project("{FAE04EC0-301F-11D3-BF4B-00C04F79EFBC}") = "UnityEditor.UI", "UnityEditor.UI.csproj", "{9191B9CF-CC38-7461-49EE-F0FF8D28747D}"
EndProject
Project("{FAE04EC0-301F-11D3-BF4B-00C04F79EFBC}") = "Assembly-CSharp-Editor", "Assembly-CSharp-Editor.csproj", "{3791FBC8-F023-5EFB-2290-0FC4DE01C620}"
EndProject
Project("{FAE04EC0-301F-11D3-BF4B-00C04F79EFBC}") = "Unity.Settings.Editor", "Unity.Settings.Editor.csproj", "{EB54800D-99B9-144D-9E76-C4177B9A936C}"
EndProject
Project("{FAE04EC0-301F-11D3-BF4B-00C04F79EFBC}") = "Unity.Mathematics.Editor", "Unity.Mathematics.Editor.csproj", "{738BE2BC-2B6F-2052-7F1A-555C96BA98B7}"
EndProject
Project("{FAE04EC0-301F-11D3-BF4B-00C04F79EFBC}") = "Unity.2D.Common.Editor", "Unity.2D.Common.Editor.csproj", "{246792D8-9C03-5070-31FA-44472B6CCA00}"
EndProject
Project("{FAE04EC0-301F-11D3-BF4B-00C04F79EFBC}") = "Unity.InternalAPIEditorBridge.001", "Unity.InternalAPIEditorBridge.001.csproj", "{5D6BBBA3-8990-624D-3B6D-E5C114F0CCEF}"
EndProject
Project("{FAE04EC0-301F-11D3-BF4B-00C04F79EFBC}") = "Unity.ShaderGraph.Utilities", "Unity.ShaderGraph.Utilities.csproj", "{DC361422-46CD-AB21-7CF9-F98E2ACE4094}"
EndProject
Project("{FAE04EC0-301F-11D3-BF4B-00C04F79EFBC}") = "Unity.ProBuilder.AddOns.Editor", "Unity.ProBuilder.AddOns.Editor.csproj", "{C07FA50B-24F6-FD46-7EB5-E6A809569397}"
EndProject
Project("{FAE04EC0-301F-11D3-BF4B-00C04F79EFBC}") = "UnityEngine.UI", "UnityEngine.UI.Player.csproj", "{773A9263-ACCC-0A56-290D-C5DFCD0614BD}"
EndProject
Project("{FAE04EC0-301F-11D3-BF4B-00C04F79EFBC}") = "Unity.RenderPipelines.Core.Runtime", "Unity.RenderPipelines.Core.Runtime.Player.csproj", "{477BC171-1BA7-6D30-BDE9-B0794B85B120}"
EndProject
Project("{FAE04EC0-301F-11D3-BF4B-00C04F79EFBC}") = "UnityEngine.TestRunner", "UnityEngine.TestRunner.Player.csproj", "{68A0BD3B-4FD1-9ED9-1F4B-85705449CAD5}"
EndProject
Project("{FAE04EC0-301F-11D3-BF4B-00C04F79EFBC}") = "Unity.Mathematics", "Unity.Mathematics.Player.csproj", "{E26500F0-9A1F-3898-121C-1F98D220E61E}"
EndProject
Project("{FAE04EC0-301F-11D3-BF4B-00C04F79EFBC}") = "Unity.RenderPipelines.Universal.Runtime", "Unity.RenderPipelines.Universal.Runtime.Player.csproj", "{FD325A33-43AB-D82E-FA08-5693818F86F0}"
EndProject
Project("{FAE04EC0-301F-11D3-BF4B-00C04F79EFBC}") = "Assembly-CSharp", "Assembly-CSharp.Player.csproj", "{C5A6ECD9-D336-2B57-AB8A-20BD96AD7B79}"
EndProject
Project("{FAE04EC0-301F-11D3-BF4B-00C04F79EFBC}") = "MyBox", "MyBox.Player.csproj", "{D81B7A76-7757-77CC-D8D3-AE43FA47AB8E}"
EndProject
Project("{FAE04EC0-301F-11D3-BF4B-00C04F79EFBC}") = "Unity.2D.Animation.Runtime", "Unity.2D.Animation.Runtime.Player.csproj", "{7419C091-5D43-04E1-946D-840883A7C8BF}"
EndProject
Project("{FAE04EC0-301F-11D3-BF4B-00C04F79EFBC}") = "Unity.TextMeshPro", "Unity.TextMeshPro.Player.csproj", "{2FB49DC9-B796-F8AB-98B6-BD6219F262F2}"
EndProject
Project("{FAE04EC0-301F-11D3-BF4B-00C04F79EFBC}") = "Unity.ProBuilder.Poly2Tri", "Unity.ProBuilder.Poly2Tri.Player.csproj", "{64CA9749-B65B-1B18-1251-58E429EB0AC5}"
EndProject
Project("{FAE04EC0-301F-11D3-BF4B-00C04F79EFBC}") = "Unity.Timeline", "Unity.Timeline.Player.csproj", "{07333E3B-A829-506A-82B1-6CD7BC5A0A02}"
EndProject
Project("{FAE04EC0-301F-11D3-BF4B-00C04F79EFBC}") = "Unity.ProBuilder", "Unity.ProBuilder.Player.csproj", "{B62BB66E-4F0C-37F4-E50B-BB39EF3A0A1A}"
EndProject
Project("{FAE04EC0-301F-11D3-BF4B-00C04F79EFBC}") = "AllIn1SpriteShaderAssembly", "AllIn1SpriteShaderAssembly.Player.csproj", "{C82A3AAE-5A13-7892-D667-0A1CD053D3D8}"
EndProject
Project("{FAE04EC0-301F-11D3-BF4B-00C04F79EFBC}") = "Unity.2D.SpriteShape.Runtime", "Unity.2D.SpriteShape.Runtime.Player.csproj", "{79F04F86-227D-4BEE-0AB0-39A2E6FF852B}"
EndProject
Project("{FAE04EC0-301F-11D3-BF4B-00C04F79EFBC}") = "Unity.2D.Animation.Triangle.Runtime", "Unity.2D.Animation.Triangle.Runtime.Player.csproj", "{92C039D7-3EC5-74AD-0169-28586D22E909}"
EndProject
Project("{FAE04EC0-301F-11D3-BF4B-00C04F79EFBC}") = "Unity.ProBuilder.Csg", "Unity.ProBuilder.Csg.Player.csproj", "{A66F5573-7834-D957-B8D6-08B12AA2EF19}"
EndProject
Project("{FAE04EC0-301F-11D3-BF4B-00C04F79EFBC}") = "Unity.2D.PixelPerfect", "Unity.2D.PixelPerfect.Player.csproj", "{FAE47285-C14D-DC3D-311E-B2BF9D6E9464}"
EndProject
Project("{FAE04EC0-301F-11D3-BF4B-00C04F79EFBC}") = "Unity.2D.IK.Runtime", "Unity.2D.IK.Runtime.Player.csproj", "{C0165841-874C-F696-6140-2EC67915B7B7}"
EndProject
Project("{FAE04EC0-301F-11D3-BF4B-00C04F79EFBC}") = "Unity.ProBuilder.KdTree", "Unity.ProBuilder.KdTree.Player.csproj", "{56E480C7-552D-AC33-3E40-456F51009E0F}"
EndProject
Project("{FAE04EC0-301F-11D3-BF4B-00C04F79EFBC}") = "Unity.2D.Common.Runtime", "Unity.2D.Common.Runtime.Player.csproj", "{D657E870-741B-0AA9-3F6C-C811AA393775}"
EndProject
Project("{FAE04EC0-301F-11D3-BF4B-00C04F79EFBC}") = "Unity Timer", "Unity Timer.Player.csproj", "{485BD26B-1CEE-C82A-B595-CECCA7110088}"
EndProject
Project("{FAE04EC0-301F-11D3-BF4B-00C04F79EFBC}") = "Unity.RenderPipelines.Core.ShaderLibrary", "Unity.RenderPipelines.Core.ShaderLibrary.Player.csproj", "{3D7146E0-1545-F569-EBB1-EED594359BD5}"
EndProject
Project("{FAE04EC0-301F-11D3-BF4B-00C04F79EFBC}") = "Unity.InternalAPIEngineBridge.001", "Unity.InternalAPIEngineBridge.001.Player.csproj", "{49FA386D-2303-ECD3-AF36-A0C57641B6DB}"
EndProject
Project("{FAE04EC0-301F-11D3-BF4B-00C04F79EFBC}") = "Unity.RenderPipeline.Universal.ShaderLibrary", "Unity.RenderPipeline.Universal.ShaderLibrary.Player.csproj", "{423E2E3A-4338-5AB7-0BE9-E6A26D4ABEAF}"
EndProject
Project("{FAE04EC0-301F-11D3-BF4B-00C04F79EFBC}") = "Unity.ProBuilder.Stl", "Unity.ProBuilder.Stl.Player.csproj", "{9ECA0475-AFF5-4B46-5B72-5503F36C7CC1}"
EndProject
Project("{FAE04EC0-301F-11D3-BF4B-00C04F79EFBC}") = "Unity.RenderPipelines.Universal.Shaders", "Unity.RenderPipelines.Universal.Shaders.Player.csproj", "{F985C0B9-BB3D-FB40-78A9-A4F54450AF6B}"
EndProject
Project("{FAE04EC0-301F-11D3-BF4B-00C04F79EFBC}") = "Unity.RenderPipelines.ShaderGraph.ShaderGraphLibrary", "Unity.RenderPipelines.ShaderGraph.ShaderGraphLibrary.Player.csproj", "{FCB05299-834D-5187-2143-099C552F20C5}"
EndProject
Global
	GlobalSection(SolutionConfigurationPlatforms) = preSolution
		Debug|Any CPU = Debug|Any CPU
		Release|Any CPU = Release|Any CPU
	EndGlobalSection
	GlobalSection(ProjectConfigurationPlatforms) = postSolution
		{30406069-88EF-7842-8959-34DBB4CC772A}.Debug|Any CPU.ActiveCfg = Debug|Any CPU
		{30406069-88EF-7842-8959-34DBB4CC772A}.Debug|Any CPU.Build.0 = Debug|Any CPU
		{30406069-88EF-7842-8959-34DBB4CC772A}.Release|Any CPU.ActiveCfg = Release|Any CPU
		{30406069-88EF-7842-8959-34DBB4CC772A}.Release|Any CPU.Build.0 = Release|Any CPU
		{7F4ACBAE-41A3-B8D1-04D5-2B5FA831816F}.Debug|Any CPU.ActiveCfg = Debug|Any CPU
		{7F4ACBAE-41A3-B8D1-04D5-2B5FA831816F}.Debug|Any CPU.Build.0 = Debug|Any CPU
		{7F4ACBAE-41A3-B8D1-04D5-2B5FA831816F}.Release|Any CPU.ActiveCfg = Release|Any CPU
		{7F4ACBAE-41A3-B8D1-04D5-2B5FA831816F}.Release|Any CPU.Build.0 = Release|Any CPU
		{5705B828-731C-2964-2EEB-E1763404B723}.Debug|Any CPU.ActiveCfg = Debug|Any CPU
		{5705B828-731C-2964-2EEB-E1763404B723}.Debug|Any CPU.Build.0 = Debug|Any CPU
		{5705B828-731C-2964-2EEB-E1763404B723}.Release|Any CPU.ActiveCfg = Release|Any CPU
		{5705B828-731C-2964-2EEB-E1763404B723}.Release|Any CPU.Build.0 = Release|Any CPU
		{CB4686AE-ED70-1684-FD3E-00245B7B5984}.Debug|Any CPU.ActiveCfg = Debug|Any CPU
		{CB4686AE-ED70-1684-FD3E-00245B7B5984}.Debug|Any CPU.Build.0 = Debug|Any CPU
		{CB4686AE-ED70-1684-FD3E-00245B7B5984}.Release|Any CPU.ActiveCfg = Release|Any CPU
		{CB4686AE-ED70-1684-FD3E-00245B7B5984}.Release|Any CPU.Build.0 = Release|Any CPU
		{32D32A36-4C34-2D1A-B131-C51170F693AA}.Debug|Any CPU.ActiveCfg = Debug|Any CPU
		{32D32A36-4C34-2D1A-B131-C51170F693AA}.Debug|Any CPU.Build.0 = Debug|Any CPU
		{32D32A36-4C34-2D1A-B131-C51170F693AA}.Release|Any CPU.ActiveCfg = Release|Any CPU
		{32D32A36-4C34-2D1A-B131-C51170F693AA}.Release|Any CPU.Build.0 = Release|Any CPU
		{4CB39E7F-7E11-4854-C115-D27300103E00}.Debug|Any CPU.ActiveCfg = Debug|Any CPU
		{4CB39E7F-7E11-4854-C115-D27300103E00}.Debug|Any CPU.Build.0 = Debug|Any CPU
		{4CB39E7F-7E11-4854-C115-D27300103E00}.Release|Any CPU.ActiveCfg = Release|Any CPU
		{4CB39E7F-7E11-4854-C115-D27300103E00}.Release|Any CPU.Build.0 = Release|Any CPU
		{13E59704-53B7-A017-24BD-ACD984F1689E}.Debug|Any CPU.ActiveCfg = Debug|Any CPU
		{13E59704-53B7-A017-24BD-ACD984F1689E}.Debug|Any CPU.Build.0 = Debug|Any CPU
		{13E59704-53B7-A017-24BD-ACD984F1689E}.Release|Any CPU.ActiveCfg = Release|Any CPU
		{13E59704-53B7-A017-24BD-ACD984F1689E}.Release|Any CPU.Build.0 = Release|Any CPU
		{D30B1BFE-56A5-447A-D5FF-9E6236A0009A}.Debug|Any CPU.ActiveCfg = Debug|Any CPU
		{D30B1BFE-56A5-447A-D5FF-9E6236A0009A}.Debug|Any CPU.Build.0 = Debug|Any CPU
		{D30B1BFE-56A5-447A-D5FF-9E6236A0009A}.Release|Any CPU.ActiveCfg = Release|Any CPU
		{D30B1BFE-56A5-447A-D5FF-9E6236A0009A}.Release|Any CPU.Build.0 = Release|Any CPU
		{6C9A63FB-BCAD-4D33-57AB-FCA765B60FD9}.Debug|Any CPU.ActiveCfg = Debug|Any CPU
		{6C9A63FB-BCAD-4D33-57AB-FCA765B60FD9}.Debug|Any CPU.Build.0 = Debug|Any CPU
		{6C9A63FB-BCAD-4D33-57AB-FCA765B60FD9}.Release|Any CPU.ActiveCfg = Release|Any CPU
		{6C9A63FB-BCAD-4D33-57AB-FCA765B60FD9}.Release|Any CPU.Build.0 = Release|Any CPU
		{AA04EEC5-6E1A-9464-F044-706FCFD2A297}.Debug|Any CPU.ActiveCfg = Debug|Any CPU
		{AA04EEC5-6E1A-9464-F044-706FCFD2A297}.Debug|Any CPU.Build.0 = Debug|Any CPU
		{AA04EEC5-6E1A-9464-F044-706FCFD2A297}.Release|Any CPU.ActiveCfg = Release|Any CPU
		{AA04EEC5-6E1A-9464-F044-706FCFD2A297}.Release|Any CPU.Build.0 = Release|Any CPU
		{234318FD-EBDF-2F60-5A6D-5AEDA459E77C}.Debug|Any CPU.ActiveCfg = Debug|Any CPU
		{234318FD-EBDF-2F60-5A6D-5AEDA459E77C}.Debug|Any CPU.Build.0 = Debug|Any CPU
		{234318FD-EBDF-2F60-5A6D-5AEDA459E77C}.Release|Any CPU.ActiveCfg = Release|Any CPU
		{234318FD-EBDF-2F60-5A6D-5AEDA459E77C}.Release|Any CPU.Build.0 = Release|Any CPU
		{3E44EDF2-AA77-F3E7-AF53-967BB308EC28}.Debug|Any CPU.ActiveCfg = Debug|Any CPU
		{3E44EDF2-AA77-F3E7-AF53-967BB308EC28}.Debug|Any CPU.Build.0 = Debug|Any CPU
		{3E44EDF2-AA77-F3E7-AF53-967BB308EC28}.Release|Any CPU.ActiveCfg = Release|Any CPU
		{3E44EDF2-AA77-F3E7-AF53-967BB308EC28}.Release|Any CPU.Build.0 = Release|Any CPU
		{11C727B3-6E51-B84F-BF52-6CCB09B76A90}.Debug|Any CPU.ActiveCfg = Debug|Any CPU
		{11C727B3-6E51-B84F-BF52-6CCB09B76A90}.Debug|Any CPU.Build.0 = Debug|Any CPU
		{11C727B3-6E51-B84F-BF52-6CCB09B76A90}.Release|Any CPU.ActiveCfg = Release|Any CPU
		{11C727B3-6E51-B84F-BF52-6CCB09B76A90}.Release|Any CPU.Build.0 = Release|Any CPU
		{540C4DBB-3C3C-ACE3-574A-7BA7AE840C1A}.Debug|Any CPU.ActiveCfg = Debug|Any CPU
		{540C4DBB-3C3C-ACE3-574A-7BA7AE840C1A}.Debug|Any CPU.Build.0 = Debug|Any CPU
		{540C4DBB-3C3C-ACE3-574A-7BA7AE840C1A}.Release|Any CPU.ActiveCfg = Release|Any CPU
		{540C4DBB-3C3C-ACE3-574A-7BA7AE840C1A}.Release|Any CPU.Build.0 = Release|Any CPU
		{CC753F8D-574C-FE32-773D-6D1EDDB91338}.Debug|Any CPU.ActiveCfg = Debug|Any CPU
		{CC753F8D-574C-FE32-773D-6D1EDDB91338}.Debug|Any CPU.Build.0 = Debug|Any CPU
		{CC753F8D-574C-FE32-773D-6D1EDDB91338}.Release|Any CPU.ActiveCfg = Release|Any CPU
		{CC753F8D-574C-FE32-773D-6D1EDDB91338}.Release|Any CPU.Build.0 = Release|Any CPU
		{3AC46EE5-176E-C0D9-5ACC-F086D1228FCA}.Debug|Any CPU.ActiveCfg = Debug|Any CPU
		{3AC46EE5-176E-C0D9-5ACC-F086D1228FCA}.Debug|Any CPU.Build.0 = Debug|Any CPU
		{3AC46EE5-176E-C0D9-5ACC-F086D1228FCA}.Release|Any CPU.ActiveCfg = Release|Any CPU
		{3AC46EE5-176E-C0D9-5ACC-F086D1228FCA}.Release|Any CPU.Build.0 = Release|Any CPU
		{871537B3-238F-CA9F-C960-A945C5CB8B9C}.Debug|Any CPU.ActiveCfg = Debug|Any CPU
		{871537B3-238F-CA9F-C960-A945C5CB8B9C}.Debug|Any CPU.Build.0 = Debug|Any CPU
		{871537B3-238F-CA9F-C960-A945C5CB8B9C}.Release|Any CPU.ActiveCfg = Release|Any CPU
		{871537B3-238F-CA9F-C960-A945C5CB8B9C}.Release|Any CPU.Build.0 = Release|Any CPU
		{60469C48-5FA7-CC33-6F14-5785D300AD79}.Debug|Any CPU.ActiveCfg = Debug|Any CPU
		{60469C48-5FA7-CC33-6F14-5785D300AD79}.Debug|Any CPU.Build.0 = Debug|Any CPU
		{60469C48-5FA7-CC33-6F14-5785D300AD79}.Release|Any CPU.ActiveCfg = Release|Any CPU
		{60469C48-5FA7-CC33-6F14-5785D300AD79}.Release|Any CPU.Build.0 = Release|Any CPU
		{3C672B34-8E07-B8CA-5716-692C503BAF89}.Debug|Any CPU.ActiveCfg = Debug|Any CPU
		{3C672B34-8E07-B8CA-5716-692C503BAF89}.Debug|Any CPU.Build.0 = Debug|Any CPU
		{3C672B34-8E07-B8CA-5716-692C503BAF89}.Release|Any CPU.ActiveCfg = Release|Any CPU
		{3C672B34-8E07-B8CA-5716-692C503BAF89}.Release|Any CPU.Build.0 = Release|Any CPU
		{28C1AD9B-0ADF-1F25-3830-86F5C66C0876}.Debug|Any CPU.ActiveCfg = Debug|Any CPU
		{28C1AD9B-0ADF-1F25-3830-86F5C66C0876}.Debug|Any CPU.Build.0 = Debug|Any CPU
		{28C1AD9B-0ADF-1F25-3830-86F5C66C0876}.Release|Any CPU.ActiveCfg = Release|Any CPU
		{28C1AD9B-0ADF-1F25-3830-86F5C66C0876}.Release|Any CPU.Build.0 = Release|Any CPU
		{2D0D7BE2-C6C0-A11F-2ACD-6AA714AC4E80}.Debug|Any CPU.ActiveCfg = Debug|Any CPU
		{2D0D7BE2-C6C0-A11F-2ACD-6AA714AC4E80}.Debug|Any CPU.Build.0 = Debug|Any CPU
		{2D0D7BE2-C6C0-A11F-2ACD-6AA714AC4E80}.Release|Any CPU.ActiveCfg = Release|Any CPU
		{2D0D7BE2-C6C0-A11F-2ACD-6AA714AC4E80}.Release|Any CPU.Build.0 = Release|Any CPU
		{A72FD09F-72FE-215A-937E-F1D0236706BF}.Debug|Any CPU.ActiveCfg = Debug|Any CPU
		{A72FD09F-72FE-215A-937E-F1D0236706BF}.Debug|Any CPU.Build.0 = Debug|Any CPU
		{A72FD09F-72FE-215A-937E-F1D0236706BF}.Release|Any CPU.ActiveCfg = Release|Any CPU
		{A72FD09F-72FE-215A-937E-F1D0236706BF}.Release|Any CPU.Build.0 = Release|Any CPU
		{875460E1-BDF6-DE78-F93F-F39A46BF5250}.Debug|Any CPU.ActiveCfg = Debug|Any CPU
		{875460E1-BDF6-DE78-F93F-F39A46BF5250}.Debug|Any CPU.Build.0 = Debug|Any CPU
		{875460E1-BDF6-DE78-F93F-F39A46BF5250}.Release|Any CPU.ActiveCfg = Release|Any CPU
		{875460E1-BDF6-DE78-F93F-F39A46BF5250}.Release|Any CPU.Build.0 = Release|Any CPU
		{BE324C10-47AD-1874-732F-C54F8B52A823}.Debug|Any CPU.ActiveCfg = Debug|Any CPU
		{BE324C10-47AD-1874-732F-C54F8B52A823}.Debug|Any CPU.Build.0 = Debug|Any CPU
		{BE324C10-47AD-1874-732F-C54F8B52A823}.Release|Any CPU.ActiveCfg = Release|Any CPU
		{BE324C10-47AD-1874-732F-C54F8B52A823}.Release|Any CPU.Build.0 = Release|Any CPU
		{78D7A9FB-F467-7E33-36B4-C61DD87C2551}.Debug|Any CPU.ActiveCfg = Debug|Any CPU
		{78D7A9FB-F467-7E33-36B4-C61DD87C2551}.Debug|Any CPU.Build.0 = Debug|Any CPU
		{78D7A9FB-F467-7E33-36B4-C61DD87C2551}.Release|Any CPU.ActiveCfg = Release|Any CPU
		{78D7A9FB-F467-7E33-36B4-C61DD87C2551}.Release|Any CPU.Build.0 = Release|Any CPU
		{840D5229-ACAC-537D-9A3B-3A4F707ED156}.Debug|Any CPU.ActiveCfg = Debug|Any CPU
		{840D5229-ACAC-537D-9A3B-3A4F707ED156}.Debug|Any CPU.Build.0 = Debug|Any CPU
		{840D5229-ACAC-537D-9A3B-3A4F707ED156}.Release|Any CPU.ActiveCfg = Release|Any CPU
		{840D5229-ACAC-537D-9A3B-3A4F707ED156}.Release|Any CPU.Build.0 = Release|Any CPU
		{645A3852-439D-6D1A-B37B-FCFEA0133C0E}.Debug|Any CPU.ActiveCfg = Debug|Any CPU
		{645A3852-439D-6D1A-B37B-FCFEA0133C0E}.Debug|Any CPU.Build.0 = Debug|Any CPU
		{645A3852-439D-6D1A-B37B-FCFEA0133C0E}.Release|Any CPU.ActiveCfg = Release|Any CPU
		{645A3852-439D-6D1A-B37B-FCFEA0133C0E}.Release|Any CPU.Build.0 = Release|Any CPU
		{955DB9B8-E167-EEF9-8747-94C1F2E6D8B1}.Debug|Any CPU.ActiveCfg = Debug|Any CPU
		{955DB9B8-E167-EEF9-8747-94C1F2E6D8B1}.Debug|Any CPU.Build.0 = Debug|Any CPU
		{955DB9B8-E167-EEF9-8747-94C1F2E6D8B1}.Release|Any CPU.ActiveCfg = Release|Any CPU
		{955DB9B8-E167-EEF9-8747-94C1F2E6D8B1}.Release|Any CPU.Build.0 = Release|Any CPU
		{214D2A4A-1AE3-BDC1-1ABD-42110F0B057E}.Debug|Any CPU.ActiveCfg = Debug|Any CPU
		{214D2A4A-1AE3-BDC1-1ABD-42110F0B057E}.Debug|Any CPU.Build.0 = Debug|Any CPU
		{214D2A4A-1AE3-BDC1-1ABD-42110F0B057E}.Release|Any CPU.ActiveCfg = Release|Any CPU
		{214D2A4A-1AE3-BDC1-1ABD-42110F0B057E}.Release|Any CPU.Build.0 = Release|Any CPU
		{F5744BD2-EC02-EEA7-A253-55DEC5888D85}.Debug|Any CPU.ActiveCfg = Debug|Any CPU
		{F5744BD2-EC02-EEA7-A253-55DEC5888D85}.Debug|Any CPU.Build.0 = Debug|Any CPU
		{F5744BD2-EC02-EEA7-A253-55DEC5888D85}.Release|Any CPU.ActiveCfg = Release|Any CPU
		{F5744BD2-EC02-EEA7-A253-55DEC5888D85}.Release|Any CPU.Build.0 = Release|Any CPU
		{A4E81AD1-2ED6-FEA8-1190-449DC1145262}.Debug|Any CPU.ActiveCfg = Debug|Any CPU
		{A4E81AD1-2ED6-FEA8-1190-449DC1145262}.Debug|Any CPU.Build.0 = Debug|Any CPU
		{A4E81AD1-2ED6-FEA8-1190-449DC1145262}.Release|Any CPU.ActiveCfg = Release|Any CPU
		{A4E81AD1-2ED6-FEA8-1190-449DC1145262}.Release|Any CPU.Build.0 = Release|Any CPU
		{16E0A879-5DF1-5EB8-7AF8-C9A9E360F369}.Debug|Any CPU.ActiveCfg = Debug|Any CPU
		{16E0A879-5DF1-5EB8-7AF8-C9A9E360F369}.Debug|Any CPU.Build.0 = Debug|Any CPU
		{16E0A879-5DF1-5EB8-7AF8-C9A9E360F369}.Release|Any CPU.ActiveCfg = Release|Any CPU
		{16E0A879-5DF1-5EB8-7AF8-C9A9E360F369}.Release|Any CPU.Build.0 = Release|Any CPU
		{8AD29D9D-7AD9-7DA5-95C5-F5091430C8A7}.Debug|Any CPU.ActiveCfg = Debug|Any CPU
		{8AD29D9D-7AD9-7DA5-95C5-F5091430C8A7}.Debug|Any CPU.Build.0 = Debug|Any CPU
		{8AD29D9D-7AD9-7DA5-95C5-F5091430C8A7}.Release|Any CPU.ActiveCfg = Release|Any CPU
		{8AD29D9D-7AD9-7DA5-95C5-F5091430C8A7}.Release|Any CPU.Build.0 = Release|Any CPU
		{6F4CA46E-C47C-B61C-8BAD-6B465C01FBC0}.Debug|Any CPU.ActiveCfg = Debug|Any CPU
		{6F4CA46E-C47C-B61C-8BAD-6B465C01FBC0}.Debug|Any CPU.Build.0 = Debug|Any CPU
		{6F4CA46E-C47C-B61C-8BAD-6B465C01FBC0}.Release|Any CPU.ActiveCfg = Release|Any CPU
		{6F4CA46E-C47C-B61C-8BAD-6B465C01FBC0}.Release|Any CPU.Build.0 = Release|Any CPU
		{A760FA87-F3D2-CFF0-C778-B0FE4421D8A4}.Debug|Any CPU.ActiveCfg = Debug|Any CPU
		{A760FA87-F3D2-CFF0-C778-B0FE4421D8A4}.Debug|Any CPU.Build.0 = Debug|Any CPU
		{A760FA87-F3D2-CFF0-C778-B0FE4421D8A4}.Release|Any CPU.ActiveCfg = Release|Any CPU
		{A760FA87-F3D2-CFF0-C778-B0FE4421D8A4}.Release|Any CPU.Build.0 = Release|Any CPU
		{8F23178E-C345-9CEF-D779-A8B053B5D4A0}.Debug|Any CPU.ActiveCfg = Debug|Any CPU
		{8F23178E-C345-9CEF-D779-A8B053B5D4A0}.Debug|Any CPU.Build.0 = Debug|Any CPU
		{8F23178E-C345-9CEF-D779-A8B053B5D4A0}.Release|Any CPU.ActiveCfg = Release|Any CPU
		{8F23178E-C345-9CEF-D779-A8B053B5D4A0}.Release|Any CPU.Build.0 = Release|Any CPU
		{0571582C-F609-46A9-C3E1-87E8A5E0CECE}.Debug|Any CPU.ActiveCfg = Debug|Any CPU
		{0571582C-F609-46A9-C3E1-87E8A5E0CECE}.Debug|Any CPU.Build.0 = Debug|Any CPU
		{0571582C-F609-46A9-C3E1-87E8A5E0CECE}.Release|Any CPU.ActiveCfg = Release|Any CPU
		{0571582C-F609-46A9-C3E1-87E8A5E0CECE}.Release|Any CPU.Build.0 = Release|Any CPU
		{682CFB0C-EE78-3779-C1CD-31AF0179953C}.Debug|Any CPU.ActiveCfg = Debug|Any CPU
		{682CFB0C-EE78-3779-C1CD-31AF0179953C}.Debug|Any CPU.Build.0 = Debug|Any CPU
		{682CFB0C-EE78-3779-C1CD-31AF0179953C}.Release|Any CPU.ActiveCfg = Release|Any CPU
		{682CFB0C-EE78-3779-C1CD-31AF0179953C}.Release|Any CPU.Build.0 = Release|Any CPU
		{A2A3227D-CCBC-2C33-C64F-569FC41DAFA5}.Debug|Any CPU.ActiveCfg = Debug|Any CPU
		{A2A3227D-CCBC-2C33-C64F-569FC41DAFA5}.Debug|Any CPU.Build.0 = Debug|Any CPU
		{A2A3227D-CCBC-2C33-C64F-569FC41DAFA5}.Release|Any CPU.ActiveCfg = Release|Any CPU
		{A2A3227D-CCBC-2C33-C64F-569FC41DAFA5}.Release|Any CPU.Build.0 = Release|Any CPU
		{9E3C0CCA-BF70-8A79-7224-D316795DAA38}.Debug|Any CPU.ActiveCfg = Debug|Any CPU
		{9E3C0CCA-BF70-8A79-7224-D316795DAA38}.Debug|Any CPU.Build.0 = Debug|Any CPU
		{9E3C0CCA-BF70-8A79-7224-D316795DAA38}.Release|Any CPU.ActiveCfg = Release|Any CPU
		{9E3C0CCA-BF70-8A79-7224-D316795DAA38}.Release|Any CPU.Build.0 = Release|Any CPU
		{91FDF7FD-0C37-7D30-B392-3773762C77EB}.Debug|Any CPU.ActiveCfg = Debug|Any CPU
		{91FDF7FD-0C37-7D30-B392-3773762C77EB}.Debug|Any CPU.Build.0 = Debug|Any CPU
		{91FDF7FD-0C37-7D30-B392-3773762C77EB}.Release|Any CPU.ActiveCfg = Release|Any CPU
		{91FDF7FD-0C37-7D30-B392-3773762C77EB}.Release|Any CPU.Build.0 = Release|Any CPU
		{CEB37264-AFC6-F930-2BFE-8006DCF02E90}.Debug|Any CPU.ActiveCfg = Debug|Any CPU
		{CEB37264-AFC6-F930-2BFE-8006DCF02E90}.Debug|Any CPU.Build.0 = Debug|Any CPU
		{CEB37264-AFC6-F930-2BFE-8006DCF02E90}.Release|Any CPU.ActiveCfg = Release|Any CPU
		{CEB37264-AFC6-F930-2BFE-8006DCF02E90}.Release|Any CPU.Build.0 = Release|Any CPU
		{6F623BFB-7DD3-74A2-8626-5C642EA9E4FA}.Debug|Any CPU.ActiveCfg = Debug|Any CPU
		{6F623BFB-7DD3-74A2-8626-5C642EA9E4FA}.Debug|Any CPU.Build.0 = Debug|Any CPU
		{6F623BFB-7DD3-74A2-8626-5C642EA9E4FA}.Release|Any CPU.ActiveCfg = Release|Any CPU
		{6F623BFB-7DD3-74A2-8626-5C642EA9E4FA}.Release|Any CPU.Build.0 = Release|Any CPU
		{0D807668-27B6-C985-1EB4-C91E1D576EC6}.Debug|Any CPU.ActiveCfg = Debug|Any CPU
		{0D807668-27B6-C985-1EB4-C91E1D576EC6}.Debug|Any CPU.Build.0 = Debug|Any CPU
		{0D807668-27B6-C985-1EB4-C91E1D576EC6}.Release|Any CPU.ActiveCfg = Release|Any CPU
		{0D807668-27B6-C985-1EB4-C91E1D576EC6}.Release|Any CPU.Build.0 = Release|Any CPU
		{5132008E-81FA-3074-A7C1-43B61C3A9489}.Debug|Any CPU.ActiveCfg = Debug|Any CPU
		{5132008E-81FA-3074-A7C1-43B61C3A9489}.Debug|Any CPU.Build.0 = Debug|Any CPU
		{5132008E-81FA-3074-A7C1-43B61C3A9489}.Release|Any CPU.ActiveCfg = Release|Any CPU
		{5132008E-81FA-3074-A7C1-43B61C3A9489}.Release|Any CPU.Build.0 = Release|Any CPU
		{DB2DD0AC-8CB3-A0A3-5A47-226FC1FD995F}.Debug|Any CPU.ActiveCfg = Debug|Any CPU
		{DB2DD0AC-8CB3-A0A3-5A47-226FC1FD995F}.Debug|Any CPU.Build.0 = Debug|Any CPU
		{DB2DD0AC-8CB3-A0A3-5A47-226FC1FD995F}.Release|Any CPU.ActiveCfg = Release|Any CPU
		{DB2DD0AC-8CB3-A0A3-5A47-226FC1FD995F}.Release|Any CPU.Build.0 = Release|Any CPU
		{2BEEE1D3-0CE4-8A43-001B-5420D5414B07}.Debug|Any CPU.ActiveCfg = Debug|Any CPU
		{2BEEE1D3-0CE4-8A43-001B-5420D5414B07}.Debug|Any CPU.Build.0 = Debug|Any CPU
		{2BEEE1D3-0CE4-8A43-001B-5420D5414B07}.Release|Any CPU.ActiveCfg = Release|Any CPU
		{2BEEE1D3-0CE4-8A43-001B-5420D5414B07}.Release|Any CPU.Build.0 = Release|Any CPU
		{041B801A-9D2F-5594-FC22-C58DA03B5A69}.Debug|Any CPU.ActiveCfg = Debug|Any CPU
		{041B801A-9D2F-5594-FC22-C58DA03B5A69}.Debug|Any CPU.Build.0 = Debug|Any CPU
		{041B801A-9D2F-5594-FC22-C58DA03B5A69}.Release|Any CPU.ActiveCfg = Release|Any CPU
		{041B801A-9D2F-5594-FC22-C58DA03B5A69}.Release|Any CPU.Build.0 = Release|Any CPU
		{2EAA95BD-7E08-29E3-F9B7-CE812D309270}.Debug|Any CPU.ActiveCfg = Debug|Any CPU
		{2EAA95BD-7E08-29E3-F9B7-CE812D309270}.Debug|Any CPU.Build.0 = Debug|Any CPU
		{2EAA95BD-7E08-29E3-F9B7-CE812D309270}.Release|Any CPU.ActiveCfg = Release|Any CPU
		{2EAA95BD-7E08-29E3-F9B7-CE812D309270}.Release|Any CPU.Build.0 = Release|Any CPU
		{37E1EEFE-6750-E6E1-5339-E7FAE0291A1D}.Debug|Any CPU.ActiveCfg = Debug|Any CPU
		{37E1EEFE-6750-E6E1-5339-E7FAE0291A1D}.Debug|Any CPU.Build.0 = Debug|Any CPU
		{37E1EEFE-6750-E6E1-5339-E7FAE0291A1D}.Release|Any CPU.ActiveCfg = Release|Any CPU
		{37E1EEFE-6750-E6E1-5339-E7FAE0291A1D}.Release|Any CPU.Build.0 = Release|Any CPU
		{9191B9CF-CC38-7461-49EE-F0FF8D28747D}.Debug|Any CPU.ActiveCfg = Debug|Any CPU
		{9191B9CF-CC38-7461-49EE-F0FF8D28747D}.Debug|Any CPU.Build.0 = Debug|Any CPU
		{9191B9CF-CC38-7461-49EE-F0FF8D28747D}.Release|Any CPU.ActiveCfg = Release|Any CPU
		{9191B9CF-CC38-7461-49EE-F0FF8D28747D}.Release|Any CPU.Build.0 = Release|Any CPU
		{3791FBC8-F023-5EFB-2290-0FC4DE01C620}.Debug|Any CPU.ActiveCfg = Debug|Any CPU
		{3791FBC8-F023-5EFB-2290-0FC4DE01C620}.Debug|Any CPU.Build.0 = Debug|Any CPU
		{3791FBC8-F023-5EFB-2290-0FC4DE01C620}.Release|Any CPU.ActiveCfg = Release|Any CPU
		{3791FBC8-F023-5EFB-2290-0FC4DE01C620}.Release|Any CPU.Build.0 = Release|Any CPU
		{EB54800D-99B9-144D-9E76-C4177B9A936C}.Debug|Any CPU.ActiveCfg = Debug|Any CPU
		{EB54800D-99B9-144D-9E76-C4177B9A936C}.Debug|Any CPU.Build.0 = Debug|Any CPU
		{EB54800D-99B9-144D-9E76-C4177B9A936C}.Release|Any CPU.ActiveCfg = Release|Any CPU
		{EB54800D-99B9-144D-9E76-C4177B9A936C}.Release|Any CPU.Build.0 = Release|Any CPU
		{738BE2BC-2B6F-2052-7F1A-555C96BA98B7}.Debug|Any CPU.ActiveCfg = Debug|Any CPU
		{738BE2BC-2B6F-2052-7F1A-555C96BA98B7}.Debug|Any CPU.Build.0 = Debug|Any CPU
		{738BE2BC-2B6F-2052-7F1A-555C96BA98B7}.Release|Any CPU.ActiveCfg = Release|Any CPU
		{738BE2BC-2B6F-2052-7F1A-555C96BA98B7}.Release|Any CPU.Build.0 = Release|Any CPU
		{246792D8-9C03-5070-31FA-44472B6CCA00}.Debug|Any CPU.ActiveCfg = Debug|Any CPU
		{246792D8-9C03-5070-31FA-44472B6CCA00}.Debug|Any CPU.Build.0 = Debug|Any CPU
		{246792D8-9C03-5070-31FA-44472B6CCA00}.Release|Any CPU.ActiveCfg = Release|Any CPU
		{246792D8-9C03-5070-31FA-44472B6CCA00}.Release|Any CPU.Build.0 = Release|Any CPU
		{5D6BBBA3-8990-624D-3B6D-E5C114F0CCEF}.Debug|Any CPU.ActiveCfg = Debug|Any CPU
		{5D6BBBA3-8990-624D-3B6D-E5C114F0CCEF}.Debug|Any CPU.Build.0 = Debug|Any CPU
		{5D6BBBA3-8990-624D-3B6D-E5C114F0CCEF}.Release|Any CPU.ActiveCfg = Release|Any CPU
		{5D6BBBA3-8990-624D-3B6D-E5C114F0CCEF}.Release|Any CPU.Build.0 = Release|Any CPU
		{DC361422-46CD-AB21-7CF9-F98E2ACE4094}.Debug|Any CPU.ActiveCfg = Debug|Any CPU
		{DC361422-46CD-AB21-7CF9-F98E2ACE4094}.Debug|Any CPU.Build.0 = Debug|Any CPU
		{DC361422-46CD-AB21-7CF9-F98E2ACE4094}.Release|Any CPU.ActiveCfg = Release|Any CPU
		{DC361422-46CD-AB21-7CF9-F98E2ACE4094}.Release|Any CPU.Build.0 = Release|Any CPU
		{C07FA50B-24F6-FD46-7EB5-E6A809569397}.Debug|Any CPU.ActiveCfg = Debug|Any CPU
		{C07FA50B-24F6-FD46-7EB5-E6A809569397}.Debug|Any CPU.Build.0 = Debug|Any CPU
		{C07FA50B-24F6-FD46-7EB5-E6A809569397}.Release|Any CPU.ActiveCfg = Release|Any CPU
		{C07FA50B-24F6-FD46-7EB5-E6A809569397}.Release|Any CPU.Build.0 = Release|Any CPU
		{773A9263-ACCC-0A56-290D-C5DFCD0614BD}.Debug|Any CPU.ActiveCfg = Debug|Any CPU
		{773A9263-ACCC-0A56-290D-C5DFCD0614BD}.Debug|Any CPU.Build.0 = Debug|Any CPU
		{773A9263-ACCC-0A56-290D-C5DFCD0614BD}.Release|Any CPU.ActiveCfg = Release|Any CPU
		{773A9263-ACCC-0A56-290D-C5DFCD0614BD}.Release|Any CPU.Build.0 = Release|Any CPU
		{477BC171-1BA7-6D30-BDE9-B0794B85B120}.Debug|Any CPU.ActiveCfg = Debug|Any CPU
		{477BC171-1BA7-6D30-BDE9-B0794B85B120}.Debug|Any CPU.Build.0 = Debug|Any CPU
		{477BC171-1BA7-6D30-BDE9-B0794B85B120}.Release|Any CPU.ActiveCfg = Release|Any CPU
		{477BC171-1BA7-6D30-BDE9-B0794B85B120}.Release|Any CPU.Build.0 = Release|Any CPU
		{68A0BD3B-4FD1-9ED9-1F4B-85705449CAD5}.Debug|Any CPU.ActiveCfg = Debug|Any CPU
		{68A0BD3B-4FD1-9ED9-1F4B-85705449CAD5}.Debug|Any CPU.Build.0 = Debug|Any CPU
		{68A0BD3B-4FD1-9ED9-1F4B-85705449CAD5}.Release|Any CPU.ActiveCfg = Release|Any CPU
		{68A0BD3B-4FD1-9ED9-1F4B-85705449CAD5}.Release|Any CPU.Build.0 = Release|Any CPU
		{E26500F0-9A1F-3898-121C-1F98D220E61E}.Debug|Any CPU.ActiveCfg = Debug|Any CPU
		{E26500F0-9A1F-3898-121C-1F98D220E61E}.Debug|Any CPU.Build.0 = Debug|Any CPU
		{E26500F0-9A1F-3898-121C-1F98D220E61E}.Release|Any CPU.ActiveCfg = Release|Any CPU
		{E26500F0-9A1F-3898-121C-1F98D220E61E}.Release|Any CPU.Build.0 = Release|Any CPU
		{FD325A33-43AB-D82E-FA08-5693818F86F0}.Debug|Any CPU.ActiveCfg = Debug|Any CPU
		{FD325A33-43AB-D82E-FA08-5693818F86F0}.Debug|Any CPU.Build.0 = Debug|Any CPU
		{FD325A33-43AB-D82E-FA08-5693818F86F0}.Release|Any CPU.ActiveCfg = Release|Any CPU
		{FD325A33-43AB-D82E-FA08-5693818F86F0}.Release|Any CPU.Build.0 = Release|Any CPU
		{C5A6ECD9-D336-2B57-AB8A-20BD96AD7B79}.Debug|Any CPU.ActiveCfg = Debug|Any CPU
		{C5A6ECD9-D336-2B57-AB8A-20BD96AD7B79}.Debug|Any CPU.Build.0 = Debug|Any CPU
		{C5A6ECD9-D336-2B57-AB8A-20BD96AD7B79}.Release|Any CPU.ActiveCfg = Release|Any CPU
		{C5A6ECD9-D336-2B57-AB8A-20BD96AD7B79}.Release|Any CPU.Build.0 = Release|Any CPU
		{D81B7A76-7757-77CC-D8D3-AE43FA47AB8E}.Debug|Any CPU.ActiveCfg = Debug|Any CPU
		{D81B7A76-7757-77CC-D8D3-AE43FA47AB8E}.Debug|Any CPU.Build.0 = Debug|Any CPU
		{D81B7A76-7757-77CC-D8D3-AE43FA47AB8E}.Release|Any CPU.ActiveCfg = Release|Any CPU
		{D81B7A76-7757-77CC-D8D3-AE43FA47AB8E}.Release|Any CPU.Build.0 = Release|Any CPU
		{7419C091-5D43-04E1-946D-840883A7C8BF}.Debug|Any CPU.ActiveCfg = Debug|Any CPU
		{7419C091-5D43-04E1-946D-840883A7C8BF}.Debug|Any CPU.Build.0 = Debug|Any CPU
		{7419C091-5D43-04E1-946D-840883A7C8BF}.Release|Any CPU.ActiveCfg = Release|Any CPU
		{7419C091-5D43-04E1-946D-840883A7C8BF}.Release|Any CPU.Build.0 = Release|Any CPU
		{2FB49DC9-B796-F8AB-98B6-BD6219F262F2}.Debug|Any CPU.ActiveCfg = Debug|Any CPU
		{2FB49DC9-B796-F8AB-98B6-BD6219F262F2}.Debug|Any CPU.Build.0 = Debug|Any CPU
		{2FB49DC9-B796-F8AB-98B6-BD6219F262F2}.Release|Any CPU.ActiveCfg = Release|Any CPU
		{2FB49DC9-B796-F8AB-98B6-BD6219F262F2}.Release|Any CPU.Build.0 = Release|Any CPU
		{64CA9749-B65B-1B18-1251-58E429EB0AC5}.Debug|Any CPU.ActiveCfg = Debug|Any CPU
		{64CA9749-B65B-1B18-1251-58E429EB0AC5}.Debug|Any CPU.Build.0 = Debug|Any CPU
		{64CA9749-B65B-1B18-1251-58E429EB0AC5}.Release|Any CPU.ActiveCfg = Release|Any CPU
		{64CA9749-B65B-1B18-1251-58E429EB0AC5}.Release|Any CPU.Build.0 = Release|Any CPU
		{07333E3B-A829-506A-82B1-6CD7BC5A0A02}.Debug|Any CPU.ActiveCfg = Debug|Any CPU
		{07333E3B-A829-506A-82B1-6CD7BC5A0A02}.Debug|Any CPU.Build.0 = Debug|Any CPU
		{07333E3B-A829-506A-82B1-6CD7BC5A0A02}.Release|Any CPU.ActiveCfg = Release|Any CPU
		{07333E3B-A829-506A-82B1-6CD7BC5A0A02}.Release|Any CPU.Build.0 = Release|Any CPU
		{B62BB66E-4F0C-37F4-E50B-BB39EF3A0A1A}.Debug|Any CPU.ActiveCfg = Debug|Any CPU
		{B62BB66E-4F0C-37F4-E50B-BB39EF3A0A1A}.Debug|Any CPU.Build.0 = Debug|Any CPU
		{B62BB66E-4F0C-37F4-E50B-BB39EF3A0A1A}.Release|Any CPU.ActiveCfg = Release|Any CPU
		{B62BB66E-4F0C-37F4-E50B-BB39EF3A0A1A}.Release|Any CPU.Build.0 = Release|Any CPU
		{C82A3AAE-5A13-7892-D667-0A1CD053D3D8}.Debug|Any CPU.ActiveCfg = Debug|Any CPU
		{C82A3AAE-5A13-7892-D667-0A1CD053D3D8}.Debug|Any CPU.Build.0 = Debug|Any CPU
		{C82A3AAE-5A13-7892-D667-0A1CD053D3D8}.Release|Any CPU.ActiveCfg = Release|Any CPU
		{C82A3AAE-5A13-7892-D667-0A1CD053D3D8}.Release|Any CPU.Build.0 = Release|Any CPU
		{79F04F86-227D-4BEE-0AB0-39A2E6FF852B}.Debug|Any CPU.ActiveCfg = Debug|Any CPU
		{79F04F86-227D-4BEE-0AB0-39A2E6FF852B}.Debug|Any CPU.Build.0 = Debug|Any CPU
		{79F04F86-227D-4BEE-0AB0-39A2E6FF852B}.Release|Any CPU.ActiveCfg = Release|Any CPU
		{79F04F86-227D-4BEE-0AB0-39A2E6FF852B}.Release|Any CPU.Build.0 = Release|Any CPU
		{92C039D7-3EC5-74AD-0169-28586D22E909}.Debug|Any CPU.ActiveCfg = Debug|Any CPU
		{92C039D7-3EC5-74AD-0169-28586D22E909}.Debug|Any CPU.Build.0 = Debug|Any CPU
		{92C039D7-3EC5-74AD-0169-28586D22E909}.Release|Any CPU.ActiveCfg = Release|Any CPU
		{92C039D7-3EC5-74AD-0169-28586D22E909}.Release|Any CPU.Build.0 = Release|Any CPU
		{A66F5573-7834-D957-B8D6-08B12AA2EF19}.Debug|Any CPU.ActiveCfg = Debug|Any CPU
		{A66F5573-7834-D957-B8D6-08B12AA2EF19}.Debug|Any CPU.Build.0 = Debug|Any CPU
		{A66F5573-7834-D957-B8D6-08B12AA2EF19}.Release|Any CPU.ActiveCfg = Release|Any CPU
		{A66F5573-7834-D957-B8D6-08B12AA2EF19}.Release|Any CPU.Build.0 = Release|Any CPU
		{FAE47285-C14D-DC3D-311E-B2BF9D6E9464}.Debug|Any CPU.ActiveCfg = Debug|Any CPU
		{FAE47285-C14D-DC3D-311E-B2BF9D6E9464}.Debug|Any CPU.Build.0 = Debug|Any CPU
		{FAE47285-C14D-DC3D-311E-B2BF9D6E9464}.Release|Any CPU.ActiveCfg = Release|Any CPU
		{FAE47285-C14D-DC3D-311E-B2BF9D6E9464}.Release|Any CPU.Build.0 = Release|Any CPU
		{C0165841-874C-F696-6140-2EC67915B7B7}.Debug|Any CPU.ActiveCfg = Debug|Any CPU
		{C0165841-874C-F696-6140-2EC67915B7B7}.Debug|Any CPU.Build.0 = Debug|Any CPU
		{C0165841-874C-F696-6140-2EC67915B7B7}.Release|Any CPU.ActiveCfg = Release|Any CPU
		{C0165841-874C-F696-6140-2EC67915B7B7}.Release|Any CPU.Build.0 = Release|Any CPU
		{56E480C7-552D-AC33-3E40-456F51009E0F}.Debug|Any CPU.ActiveCfg = Debug|Any CPU
		{56E480C7-552D-AC33-3E40-456F51009E0F}.Debug|Any CPU.Build.0 = Debug|Any CPU
		{56E480C7-552D-AC33-3E40-456F51009E0F}.Release|Any CPU.ActiveCfg = Release|Any CPU
		{56E480C7-552D-AC33-3E40-456F51009E0F}.Release|Any CPU.Build.0 = Release|Any CPU
		{D657E870-741B-0AA9-3F6C-C811AA393775}.Debug|Any CPU.ActiveCfg = Debug|Any CPU
		{D657E870-741B-0AA9-3F6C-C811AA393775}.Debug|Any CPU.Build.0 = Debug|Any CPU
		{D657E870-741B-0AA9-3F6C-C811AA393775}.Release|Any CPU.ActiveCfg = Release|Any CPU
		{D657E870-741B-0AA9-3F6C-C811AA393775}.Release|Any CPU.Build.0 = Release|Any CPU
		{485BD26B-1CEE-C82A-B595-CECCA7110088}.Debug|Any CPU.ActiveCfg = Debug|Any CPU
		{485BD26B-1CEE-C82A-B595-CECCA7110088}.Debug|Any CPU.Build.0 = Debug|Any CPU
		{485BD26B-1CEE-C82A-B595-CECCA7110088}.Release|Any CPU.ActiveCfg = Release|Any CPU
		{485BD26B-1CEE-C82A-B595-CECCA7110088}.Release|Any CPU.Build.0 = Release|Any CPU
		{3D7146E0-1545-F569-EBB1-EED594359BD5}.Debug|Any CPU.ActiveCfg = Debug|Any CPU
		{3D7146E0-1545-F569-EBB1-EED594359BD5}.Debug|Any CPU.Build.0 = Debug|Any CPU
		{3D7146E0-1545-F569-EBB1-EED594359BD5}.Release|Any CPU.ActiveCfg = Release|Any CPU
		{3D7146E0-1545-F569-EBB1-EED594359BD5}.Release|Any CPU.Build.0 = Release|Any CPU
		{49FA386D-2303-ECD3-AF36-A0C57641B6DB}.Debug|Any CPU.ActiveCfg = Debug|Any CPU
		{49FA386D-2303-ECD3-AF36-A0C57641B6DB}.Debug|Any CPU.Build.0 = Debug|Any CPU
		{49FA386D-2303-ECD3-AF36-A0C57641B6DB}.Release|Any CPU.ActiveCfg = Release|Any CPU
		{49FA386D-2303-ECD3-AF36-A0C57641B6DB}.Release|Any CPU.Build.0 = Release|Any CPU
		{423E2E3A-4338-5AB7-0BE9-E6A26D4ABEAF}.Debug|Any CPU.ActiveCfg = Debug|Any CPU
		{423E2E3A-4338-5AB7-0BE9-E6A26D4ABEAF}.Debug|Any CPU.Build.0 = Debug|Any CPU
		{423E2E3A-4338-5AB7-0BE9-E6A26D4ABEAF}.Release|Any CPU.ActiveCfg = Release|Any CPU
		{423E2E3A-4338-5AB7-0BE9-E6A26D4ABEAF}.Release|Any CPU.Build.0 = Release|Any CPU
		{9ECA0475-AFF5-4B46-5B72-5503F36C7CC1}.Debug|Any CPU.ActiveCfg = Debug|Any CPU
		{9ECA0475-AFF5-4B46-5B72-5503F36C7CC1}.Debug|Any CPU.Build.0 = Debug|Any CPU
		{9ECA0475-AFF5-4B46-5B72-5503F36C7CC1}.Release|Any CPU.ActiveCfg = Release|Any CPU
		{9ECA0475-AFF5-4B46-5B72-5503F36C7CC1}.Release|Any CPU.Build.0 = Release|Any CPU
		{F985C0B9-BB3D-FB40-78A9-A4F54450AF6B}.Debug|Any CPU.ActiveCfg = Debug|Any CPU
		{F985C0B9-BB3D-FB40-78A9-A4F54450AF6B}.Debug|Any CPU.Build.0 = Debug|Any CPU
		{F985C0B9-BB3D-FB40-78A9-A4F54450AF6B}.Release|Any CPU.ActiveCfg = Release|Any CPU
		{F985C0B9-BB3D-FB40-78A9-A4F54450AF6B}.Release|Any CPU.Build.0 = Release|Any CPU
		{FCB05299-834D-5187-2143-099C552F20C5}.Debug|Any CPU.ActiveCfg = Debug|Any CPU
		{FCB05299-834D-5187-2143-099C552F20C5}.Debug|Any CPU.Build.0 = Debug|Any CPU
		{FCB05299-834D-5187-2143-099C552F20C5}.Release|Any CPU.ActiveCfg = Release|Any CPU
		{FCB05299-834D-5187-2143-099C552F20C5}.Release|Any CPU.Build.0 = Release|Any CPU
	EndGlobalSection
	GlobalSection(SolutionProperties) = preSolution
		HideSolutionNode = FALSE
	EndGlobalSection
EndGlobal
